
Microsoft Visual Studio Solution File, Format Version 12.00
# Visual Studio Version 17
VisualStudioVersion = 17.1.32328.378
MinimumVisualStudioVersion = 10.0.40219.1
Project("{FAE04EC0-301F-11D3-BF4B-00C04F79EFBC}") = "DiskTemplateEngine", "DiskTemplateEngine\DiskTemplateEngine.csproj", "{D887B933-0925-4DA2-8DFE-95DEA376804D}"
EndProject
Global
	GlobalSection(SolutionConfigurationPlatforms) = preSolution
		Debug|Any CPU = Debug|Any CPU
		Release|Any CPU = Release|Any CPU
	EndGlobalSection
	GlobalSection(ProjectConfigurationPlatforms) = postSolution
		{D887B933-0925-4DA2-8DFE-95DEA376804D}.Debug|Any CPU.ActiveCfg = Debug|Any CPU
		{D887B933-0925-4DA2-8DFE-95DEA376804D}.Debug|Any CPU.Build.0 = Debug|Any CPU
		{D887B933-0925-4DA2-8DFE-95DEA376804D}.Release|Any CPU.ActiveCfg = Release|Any CPU
		{D887B933-0925-4DA2-8DFE-95DEA376804D}.Release|Any CPU.Build.0 = Release|Any CPU
	EndGlobalSection
	GlobalSection(SolutionProperties) = preSolution
		HideSolutionNode = FALSE
	EndGlobalSection
	GlobalSection(ExtensibilityGlobals) = postSolution
		SolutionGuid = {6E13AE1F-1FA8-4FE1-8CD5-34C44B37D2AC}
	EndGlobalSection
EndGlobal
