
Microsoft Visual Studio Solution File, Format Version 12.00
# Visual Studio Version 17
VisualStudioVersion = 17.1.32328.378
MinimumVisualStudioVersion = 10.0.40219.1
Project("{9A19103F-16F7-4668-BE54-9A1E7A4F7556}") = "Lesson-6-ScannerAutofac", "Lesson-5-PatternsBehavioral\Lesson-6-ScannerAutofac.csproj", "{3BF6DF31-87E1-46F5-8ABB-60D384A0595F}"
EndProject
Project("{9A19103F-16F7-4668-BE54-9A1E7A4F7556}") = "Lesson-5-LibraryForScanner", "Lesson-5-LibraryForScanner\Lesson-5-LibraryForScanner.csproj", "{3E8F6074-59D2-457A-86F1-54CFFF030996}"
EndProject
Global
	GlobalSection(SolutionConfigurationPlatforms) = preSolution
		Debug|Any CPU = Debug|Any CPU
		Release|Any CPU = Release|Any CPU
	EndGlobalSection
	GlobalSection(ProjectConfigurationPlatforms) = postSolution
		{3BF6DF31-87E1-46F5-8ABB-60D384A0595F}.Debug|Any CPU.ActiveCfg = Debug|Any CPU
		{3BF6DF31-87E1-46F5-8ABB-60D384A0595F}.Debug|Any CPU.Build.0 = Debug|Any CPU
		{3BF6DF31-87E1-46F5-8ABB-60D384A0595F}.Release|Any CPU.ActiveCfg = Release|Any CPU
		{3BF6DF31-87E1-46F5-8ABB-60D384A0595F}.Release|Any CPU.Build.0 = Release|Any CPU
		{3E8F6074-59D2-457A-86F1-54CFFF030996}.Debug|Any CPU.ActiveCfg = Debug|Any CPU
		{3E8F6074-59D2-457A-86F1-54CFFF030996}.Debug|Any CPU.Build.0 = Debug|Any CPU
		{3E8F6074-59D2-457A-86F1-54CFFF030996}.Release|Any CPU.ActiveCfg = Release|Any CPU
		{3E8F6074-59D2-457A-86F1-54CFFF030996}.Release|Any CPU.Build.0 = Release|Any CPU
	EndGlobalSection
	GlobalSection(SolutionProperties) = preSolution
		HideSolutionNode = FALSE
	EndGlobalSection
	GlobalSection(ExtensibilityGlobals) = postSolution
		SolutionGuid = {DE9BE2D9-669D-4D9C-95B1-A2FE180519DA}
	EndGlobalSection
EndGlobal
